
Microsoft Visual Studio Solution File, Format Version 12.00
# Visual Studio Version 17
VisualStudioVersion = 17.10.35013.160
MinimumVisualStudioVersion = 10.0.40219.1
Project("{8BC9CEB8-8B4A-11D0-8D11-00A0C91BC942}") = "Lesson18", "Lesson18.vcxproj", "{ACE988A7-CB52-4363-9894-DA8FFB36F00C}"
EndProject
Global
	GlobalSection(SolutionConfigurationPlatforms) = preSolution
		Debug|x64 = Debug|x64
		Debug|x86 = Debug|x86
		Release|x64 = Release|x64
		Release|x86 = Release|x86
	EndGlobalSection
	GlobalSection(ProjectConfigurationPlatforms) = postSolution
		{ACE988A7-CB52-4363-9894-DA8FFB36F00C}.Debug|x64.ActiveCfg = Debug|x64
		{ACE988A7-CB52-4363-9894-DA8FFB36F00C}.Debug|x64.Build.0 = Debug|x64
		{ACE988A7-CB52-4363-9894-DA8FFB36F00C}.Debug|x86.ActiveCfg = Debug|Win32
		{ACE988A7-CB52-4363-9894-DA8FFB36F00C}.Debug|x86.Build.0 = Debug|Win32
		{ACE988A7-CB52-4363-9894-DA8FFB36F00C}.Release|x64.ActiveCfg = Release|x64
		{ACE988A7-CB52-4363-9894-DA8FFB36F00C}.Release|x64.Build.0 = Release|x64
		{ACE988A7-CB52-4363-9894-DA8FFB36F00C}.Release|x86.ActiveCfg = Release|Win32
		{ACE988A7-CB52-4363-9894-DA8FFB36F00C}.Release|x86.Build.0 = Release|Win32
	EndGlobalSection
	GlobalSection(SolutionProperties) = preSolution
		HideSolutionNode = FALSE
	EndGlobalSection
	GlobalSection(ExtensibilityGlobals) = postSolution
		SolutionGuid = {4A9E6A3F-704A-4234-94A7-5A7D1E66CCAD}
	EndGlobalSection
EndGlobal
